// !$*UTF8*$!
{
	archiveVersion = 1;
	classes = {
	};
	objectVersion = 46;
	objects = {

/* Begin PBXBuildFile section */
		4ACE2B511820D40E008FC2F8 /* Foundation.framework in Frameworks */ = {isa = PBXBuildFile; fileRef = 4ACE2B501820D40E008FC2F8 /* Foundation.framework */; };
		4ACE2B561820D40E008FC2F8 /* EasyFacebookPhotoPicker.h in CopyFiles */ = {isa = PBXBuildFile; fileRef = 4ACE2B551820D40E008FC2F8 /* EasyFacebookPhotoPicker.h */; };
		4ACE2B581820D40E008FC2F8 /* EasyFacebookPhotoPicker.m in Sources */ = {isa = PBXBuildFile; fileRef = 4ACE2B571820D40E008FC2F8 /* EasyFacebookPhotoPicker.m */; };
		4ACE2B5F1820D40E008FC2F8 /* XCTest.framework in Frameworks */ = {isa = PBXBuildFile; fileRef = 4ACE2B5E1820D40E008FC2F8 /* XCTest.framework */; };
		4ACE2B601820D40E008FC2F8 /* Foundation.framework in Frameworks */ = {isa = PBXBuildFile; fileRef = 4ACE2B501820D40E008FC2F8 /* Foundation.framework */; };
		4ACE2B621820D40E008FC2F8 /* UIKit.framework in Frameworks */ = {isa = PBXBuildFile; fileRef = 4ACE2B611820D40E008FC2F8 /* UIKit.framework */; };
		4ACE2B651820D40E008FC2F8 /* libEasyFacebookPhotoPicker.a in Frameworks */ = {isa = PBXBuildFile; fileRef = 4ACE2B4D1820D40E008FC2F8 /* libEasyFacebookPhotoPicker.a */; };
		4ACE2B6B1820D40E008FC2F8 /* InfoPlist.strings in Resources */ = {isa = PBXBuildFile; fileRef = 4ACE2B691820D40E008FC2F8 /* InfoPlist.strings */; };
		4ACE2B6D1820D40E008FC2F8 /* EasyFacebookPhotoPickerTests.m in Sources */ = {isa = PBXBuildFile; fileRef = 4ACE2B6C1820D40E008FC2F8 /* EasyFacebookPhotoPickerTests.m */; };
/* End PBXBuildFile section */

/* Begin PBXContainerItemProxy section */
		4ACE2B631820D40E008FC2F8 /* PBXContainerItemProxy */ = {
			isa = PBXContainerItemProxy;
			containerPortal = 4ACE2B451820D40E008FC2F8 /* Project object */;
			proxyType = 1;
			remoteGlobalIDString = 4ACE2B4C1820D40E008FC2F8;
			remoteInfo = EasyFacebookPhotoPicker;
		};
/* End PBXContainerItemProxy section */

/* Begin PBXCopyFilesBuildPhase section */
		4ACE2B4B1820D40E008FC2F8 /* CopyFiles */ = {
			isa = PBXCopyFilesBuildPhase;
			buildActionMask = 2147483647;
			dstPath = "include/$(PRODUCT_NAME)";
			dstSubfolderSpec = 16;
			files = (
				4ACE2B561820D40E008FC2F8 /* EasyFacebookPhotoPicker.h in CopyFiles */,
			);
			runOnlyForDeploymentPostprocessing = 0;
		};
/* End PBXCopyFilesBuildPhase section */

/* Begin PBXFileReference section */
		4ACE2B4D1820D40E008FC2F8 /* libEasyFacebookPhotoPicker.a */ = {isa = PBXFileReference; explicitFileType = archive.ar; includeInIndex = 0; path = libEasyFacebookPhotoPicker.a; sourceTree = BUILT_PRODUCTS_DIR; };
		4ACE2B501820D40E008FC2F8 /* Foundation.framework */ = {isa = PBXFileReference; lastKnownFileType = wrapper.framework; name = Foundation.framework; path = System/Library/Frameworks/Foundation.framework; sourceTree = SDKROOT; };
		4ACE2B541820D40E008FC2F8 /* EasyFacebookPhotoPicker-Prefix.pch */ = {isa = PBXFileReference; lastKnownFileType = sourcecode.c.h; path = "EasyFacebookPhotoPicker-Prefix.pch"; sourceTree = "<group>"; };
		4ACE2B551820D40E008FC2F8 /* EasyFacebookPhotoPicker.h */ = {isa = PBXFileReference; lastKnownFileType = sourcecode.c.h; path = EasyFacebookPhotoPicker.h; sourceTree = "<group>"; };
		4ACE2B571820D40E008FC2F8 /* EasyFacebookPhotoPicker.m */ = {isa = PBXFileReference; lastKnownFileType = sourcecode.c.objc; path = EasyFacebookPhotoPicker.m; sourceTree = "<group>"; };
		4ACE2B5D1820D40E008FC2F8 /* EasyFacebookPhotoPickerTests.xctest */ = {isa = PBXFileReference; explicitFileType = wrapper.cfbundle; includeInIndex = 0; path = EasyFacebookPhotoPickerTests.xctest; sourceTree = BUILT_PRODUCTS_DIR; };
		4ACE2B5E1820D40E008FC2F8 /* XCTest.framework */ = {isa = PBXFileReference; lastKnownFileType = wrapper.framework; name = XCTest.framework; path = Library/Frameworks/XCTest.framework; sourceTree = DEVELOPER_DIR; };
		4ACE2B611820D40E008FC2F8 /* UIKit.framework */ = {isa = PBXFileReference; lastKnownFileType = wrapper.framework; name = UIKit.framework; path = Library/Frameworks/UIKit.framework; sourceTree = DEVELOPER_DIR; };
		4ACE2B681820D40E008FC2F8 /* EasyFacebookPhotoPickerTests-Info.plist */ = {isa = PBXFileReference; lastKnownFileType = text.plist.xml; path = "EasyFacebookPhotoPickerTests-Info.plist"; sourceTree = "<group>"; };
		4ACE2B6A1820D40E008FC2F8 /* en */ = {isa = PBXFileReference; lastKnownFileType = text.plist.strings; name = en; path = en.lproj/InfoPlist.strings; sourceTree = "<group>"; };
		4ACE2B6C1820D40E008FC2F8 /* EasyFacebookPhotoPickerTests.m */ = {isa = PBXFileReference; lastKnownFileType = sourcecode.c.objc; path = EasyFacebookPhotoPickerTests.m; sourceTree = "<group>"; };
/* End PBXFileReference section */

/* Begin PBXFrameworksBuildPhase section */
		4ACE2B4A1820D40E008FC2F8 /* Frameworks */ = {
			isa = PBXFrameworksBuildPhase;
			buildActionMask = 2147483647;
			files = (
				4ACE2B511820D40E008FC2F8 /* Foundation.framework in Frameworks */,
			);
			runOnlyForDeploymentPostprocessing = 0;
		};
		4ACE2B5A1820D40E008FC2F8 /* Frameworks */ = {
			isa = PBXFrameworksBuildPhase;
			buildActionMask = 2147483647;
			files = (
				4ACE2B5F1820D40E008FC2F8 /* XCTest.framework in Frameworks */,
				4ACE2B621820D40E008FC2F8 /* UIKit.framework in Frameworks */,
				4ACE2B651820D40E008FC2F8 /* libEasyFacebookPhotoPicker.a in Frameworks */,
				4ACE2B601820D40E008FC2F8 /* Foundation.framework in Frameworks */,
			);
			runOnlyForDeploymentPostprocessing = 0;
		};
/* End PBXFrameworksBuildPhase section */

/* Begin PBXGroup section */
		4ACE2B441820D40E008FC2F8 = {
			isa = PBXGroup;
			children = (
				4ACE2B521820D40E008FC2F8 /* EasyFacebookPhotoPicker */,
				4ACE2B661820D40E008FC2F8 /* EasyFacebookPhotoPickerTests */,
				4ACE2B4F1820D40E008FC2F8 /* Frameworks */,
				4ACE2B4E1820D40E008FC2F8 /* Products */,
			);
			sourceTree = "<group>";
		};
		4ACE2B4E1820D40E008FC2F8 /* Products */ = {
			isa = PBXGroup;
			children = (
				4ACE2B4D1820D40E008FC2F8 /* libEasyFacebookPhotoPicker.a */,
				4ACE2B5D1820D40E008FC2F8 /* EasyFacebookPhotoPickerTests.xctest */,
			);
			name = Products;
			sourceTree = "<group>";
		};
		4ACE2B4F1820D40E008FC2F8 /* Frameworks */ = {
			isa = PBXGroup;
			children = (
				4ACE2B501820D40E008FC2F8 /* Foundation.framework */,
				4ACE2B5E1820D40E008FC2F8 /* XCTest.framework */,
				4ACE2B611820D40E008FC2F8 /* UIKit.framework */,
			);
			name = Frameworks;
			sourceTree = "<group>";
		};
		4ACE2B521820D40E008FC2F8 /* EasyFacebookPhotoPicker */ = {
			isa = PBXGroup;
			children = (
				4ACE2B551820D40E008FC2F8 /* EasyFacebookPhotoPicker.h */,
				4ACE2B571820D40E008FC2F8 /* EasyFacebookPhotoPicker.m */,
				4ACE2B531820D40E008FC2F8 /* Supporting Files */,
			);
			path = EasyFacebookPhotoPicker;
			sourceTree = "<group>";
		};
		4ACE2B531820D40E008FC2F8 /* Supporting Files */ = {
			isa = PBXGroup;
			children = (
				4ACE2B541820D40E008FC2F8 /* EasyFacebookPhotoPicker-Prefix.pch */,
			);
			name = "Supporting Files";
			sourceTree = "<group>";
		};
		4ACE2B661820D40E008FC2F8 /* EasyFacebookPhotoPickerTests */ = {
			isa = PBXGroup;
			children = (
				4ACE2B6C1820D40E008FC2F8 /* EasyFacebookPhotoPickerTests.m */,
				4ACE2B671820D40E008FC2F8 /* Supporting Files */,
			);
			path = EasyFacebookPhotoPickerTests;
			sourceTree = "<group>";
		};
		4ACE2B671820D40E008FC2F8 /* Supporting Files */ = {
			isa = PBXGroup;
			children = (
				4ACE2B681820D40E008FC2F8 /* EasyFacebookPhotoPickerTests-Info.plist */,
				4ACE2B691820D40E008FC2F8 /* InfoPlist.strings */,
			);
			name = "Supporting Files";
			sourceTree = "<group>";
		};
/* End PBXGroup section */

/* Begin PBXNativeTarget section */
		4ACE2B4C1820D40E008FC2F8 /* EasyFacebookPhotoPicker */ = {
			isa = PBXNativeTarget;
			buildConfigurationList = 4ACE2B701820D40E008FC2F8 /* Build configuration list for PBXNativeTarget "EasyFacebookPhotoPicker" */;
			buildPhases = (
				4ACE2B491820D40E008FC2F8 /* Sources */,
				4ACE2B4A1820D40E008FC2F8 /* Frameworks */,
				4ACE2B4B1820D40E008FC2F8 /* CopyFiles */,
			);
			buildRules = (
			);
			dependencies = (
			);
			name = EasyFacebookPhotoPicker;
			productName = EasyFacebookPhotoPicker;
			productReference = 4ACE2B4D1820D40E008FC2F8 /* libEasyFacebookPhotoPicker.a */;
			productType = "com.apple.product-type.library.static";
		};
		4ACE2B5C1820D40E008FC2F8 /* EasyFacebookPhotoPickerTests */ = {
			isa = PBXNativeTarget;
			buildConfigurationList = 4ACE2B731820D40E008FC2F8 /* Build configuration list for PBXNativeTarget "EasyFacebookPhotoPickerTests" */;
			buildPhases = (
				4ACE2B591820D40E008FC2F8 /* Sources */,
				4ACE2B5A1820D40E008FC2F8 /* Frameworks */,
				4ACE2B5B1820D40E008FC2F8 /* Resources */,
			);
			buildRules = (
			);
			dependencies = (
				4ACE2B641820D40E008FC2F8 /* PBXTargetDependency */,
			);
			name = EasyFacebookPhotoPickerTests;
			productName = EasyFacebookPhotoPickerTests;
			productReference = 4ACE2B5D1820D40E008FC2F8 /* EasyFacebookPhotoPickerTests.xctest */;
			productType = "com.apple.product-type.bundle.unit-test";
		};
/* End PBXNativeTarget section */

/* Begin PBXProject section */
		4ACE2B451820D40E008FC2F8 /* Project object */ = {
			isa = PBXProject;
			attributes = {
				LastUpgradeCheck = 0500;
				ORGANIZATIONNAME = "Chris Greenwood";
			};
			buildConfigurationList = 4ACE2B481820D40E008FC2F8 /* Build configuration list for PBXProject "EasyFacebookPhotoPicker" */;
			compatibilityVersion = "Xcode 3.2";
			developmentRegion = English;
			hasScannedForEncodings = 0;
			knownRegions = (
				en,
			);
			mainGroup = 4ACE2B441820D40E008FC2F8;
			productRefGroup = 4ACE2B4E1820D40E008FC2F8 /* Products */;
			projectDirPath = "";
			projectRoot = "";
			targets = (
				4ACE2B4C1820D40E008FC2F8 /* EasyFacebookPhotoPicker */,
				4ACE2B5C1820D40E008FC2F8 /* EasyFacebookPhotoPickerTests */,
			);
		};
/* End PBXProject section */

/* Begin PBXResourcesBuildPhase section */
		4ACE2B5B1820D40E008FC2F8 /* Resources */ = {
			isa = PBXResourcesBuildPhase;
			buildActionMask = 2147483647;
			files = (
				4ACE2B6B1820D40E008FC2F8 /* InfoPlist.strings in Resources */,
			);
			runOnlyForDeploymentPostprocessing = 0;
		};
/* End PBXResourcesBuildPhase section */

/* Begin PBXSourcesBuildPhase section */
		4ACE2B491820D40E008FC2F8 /* Sources */ = {
			isa = PBXSourcesBuildPhase;
			buildActionMask = 2147483647;
			files = (
				4ACE2B581820D40E008FC2F8 /* EasyFacebookPhotoPicker.m in Sources */,
			);
			runOnlyForDeploymentPostprocessing = 0;
		};
		4ACE2B591820D40E008FC2F8 /* Sources */ = {
			isa = PBXSourcesBuildPhase;
			buildActionMask = 2147483647;
			files = (
				4ACE2B6D1820D40E008FC2F8 /* EasyFacebookPhotoPickerTests.m in Sources */,
			);
			runOnlyForDeploymentPostprocessing = 0;
		};
/* End PBXSourcesBuildPhase section */

/* Begin PBXTargetDependency section */
		4ACE2B641820D40E008FC2F8 /* PBXTargetDependency */ = {
			isa = PBXTargetDependency;
			target = 4ACE2B4C1820D40E008FC2F8 /* EasyFacebookPhotoPicker */;
			targetProxy = 4ACE2B631820D40E008FC2F8 /* PBXContainerItemProxy */;
		};
/* End PBXTargetDependency section */

/* Begin PBXVariantGroup section */
		4ACE2B691820D40E008FC2F8 /* InfoPlist.strings */ = {
			isa = PBXVariantGroup;
			children = (
				4ACE2B6A1820D40E008FC2F8 /* en */,
			);
			name = InfoPlist.strings;
			sourceTree = "<group>";
		};
/* End PBXVariantGroup section */

/* Begin XCBuildConfiguration section */
		4ACE2B6E1820D40E008FC2F8 /* Debug */ = {
			isa = XCBuildConfiguration;
			buildSettings = {
				ALWAYS_SEARCH_USER_PATHS = NO;
				ARCHS = "$(ARCHS_STANDARD_INCLUDING_64_BIT)";
				CLANG_CXX_LANGUAGE_STANDARD = "gnu++0x";
				CLANG_CXX_LIBRARY = "libc++";
				CLANG_ENABLE_MODULES = YES;
				CLANG_ENABLE_OBJC_ARC = YES;
				CLANG_WARN_BOOL_CONVERSION = YES;
				CLANG_WARN_CONSTANT_CONVERSION = YES;
				CLANG_WARN_DIRECT_OBJC_ISA_USAGE = YES_ERROR;
				CLANG_WARN_EMPTY_BODY = YES;
				CLANG_WARN_ENUM_CONVERSION = YES;
				CLANG_WARN_INT_CONVERSION = YES;
				CLANG_WARN_OBJC_ROOT_CLASS = YES_ERROR;
				CLANG_WARN__DUPLICATE_METHOD_MATCH = YES;
				COPY_PHASE_STRIP = NO;
				GCC_C_LANGUAGE_STANDARD = gnu99;
				GCC_DYNAMIC_NO_PIC = NO;
				GCC_OPTIMIZATION_LEVEL = 0;
				GCC_PREPROCESSOR_DEFINITIONS = (
					"DEBUG=1",
					"$(inherited)",
				);
				GCC_SYMBOLS_PRIVATE_EXTERN = NO;
				GCC_WARN_64_TO_32_BIT_CONVERSION = YES;
				GCC_WARN_ABOUT_RETURN_TYPE = YES_ERROR;
				GCC_WARN_UNDECLARED_SELECTOR = YES;
				GCC_WARN_UNINITIALIZED_AUTOS = YES;
				GCC_WARN_UNUSED_FUNCTION = YES;
				GCC_WARN_UNUSED_VARIABLE = YES;
				IPHONEOS_DEPLOYMENT_TARGET = 7.0;
				ONLY_ACTIVE_ARCH = YES;
				SDKROOT = iphoneos;
			};
			name = Debug;
		};
		4ACE2B6F1820D40E008FC2F8 /* Release */ = {
			isa = XCBuildConfiguration;
			buildSettings = {
				ALWAYS_SEARCH_USER_PATHS = NO;
				ARCHS = "$(ARCHS_STANDARD_INCLUDING_64_BIT)";
				CLANG_CXX_LANGUAGE_STANDARD = "gnu++0x";
				CLANG_CXX_LIBRARY = "libc++";
				CLANG_ENABLE_MODULES = YES;
				CLANG_ENABLE_OBJC_ARC = YES;
				CLANG_WARN_BOOL_CONVERSION = YES;
				CLANG_WARN_CONSTANT_CONVERSION = YES;
				CLANG_WARN_DIRECT_OBJC_ISA_USAGE = YES_ERROR;
				CLANG_WARN_EMPTY_BODY = YES;
				CLANG_WARN_ENUM_CONVERSION = YES;
				CLANG_WARN_INT_CONVERSION = YES;
				CLANG_WARN_OBJC_ROOT_CLASS = YES_ERROR;
				CLANG_WARN__DUPLICATE_METHOD_MATCH = YES;
				COPY_PHASE_STRIP = YES;
				ENABLE_NS_ASSERTIONS = NO;
				GCC_C_LANGUAGE_STANDARD = gnu99;
				GCC_WARN_64_TO_32_BIT_CONVERSION = YES;
				GCC_WARN_ABOUT_RETURN_TYPE = YES_ERROR;
				GCC_WARN_UNDECLARED_SELECTOR = YES;
				GCC_WARN_UNINITIALIZED_AUTOS = YES;
				GCC_WARN_UNUSED_FUNCTION = YES;
				GCC_WARN_UNUSED_VARIABLE = YES;
				IPHONEOS_DEPLOYMENT_TARGET = 7.0;
				SDKROOT = iphoneos;
				VALIDATE_PRODUCT = YES;
			};
			name = Release;
		};
		4ACE2B711820D40E008FC2F8 /* Debug */ = {
			isa = XCBuildConfiguration;
			buildSettings = {
				DSTROOT = /tmp/EasyFacebookPhotoPicker.dst;
				GCC_PRECOMPILE_PREFIX_HEADER = YES;
				GCC_PREFIX_HEADER = "EasyFacebookPhotoPicker/EasyFacebookPhotoPicker-Prefix.pch";
				OTHER_LDFLAGS = "-ObjC";
				PRODUCT_NAME = "$(TARGET_NAME)";
				SKIP_INSTALL = YES;
			};
			name = Debug;
		};
		4ACE2B721820D40E008FC2F8 /* Release */ = {
			isa = XCBuildConfiguration;
			buildSettings = {
				DSTROOT = /tmp/EasyFacebookPhotoPicker.dst;
				GCC_PRECOMPILE_PREFIX_HEADER = YES;
				GCC_PREFIX_HEADER = "EasyFacebookPhotoPicker/EasyFacebookPhotoPicker-Prefix.pch";
				OTHER_LDFLAGS = "-ObjC";
				PRODUCT_NAME = "$(TARGET_NAME)";
				SKIP_INSTALL = YES;
			};
			name = Release;
		};
		4ACE2B741820D40E008FC2F8 /* Debug */ = {
			isa = XCBuildConfiguration;
			buildSettings = {
				ARCHS = "$(ARCHS_STANDARD_INCLUDING_64_BIT)";
				FRAMEWORK_SEARCH_PATHS = (
					"$(SDKROOT)/Developer/Library/Frameworks",
					"$(inherited)",
					"$(DEVELOPER_FRAMEWORKS_DIR)",
				);
				GCC_PRECOMPILE_PREFIX_HEADER = YES;
				GCC_PREFIX_HEADER = "EasyFacebookPhotoPicker/EasyFacebookPhotoPicker-Prefix.pch";
				GCC_PREPROCESSOR_DEFINITIONS = (
					"DEBUG=1",
					"$(inherited)",
				);
				INFOPLIST_FILE = "EasyFacebookPhotoPickerTests/EasyFacebookPhotoPickerTests-Info.plist";
				PRODUCT_NAME = "$(TARGET_NAME)";
				WRAPPER_EXTENSION = xctest;
			};
			name = Debug;
		};
		4ACE2B751820D40E008FC2F8 /* Release */ = {
			isa = XCBuildConfiguration;
			buildSettings = {
				ARCHS = "$(ARCHS_STANDARD_INCLUDING_64_BIT)";
				FRAMEWORK_SEARCH_PATHS = (
					"$(SDKROOT)/Developer/Library/Frameworks",
					"$(inherited)",
					"$(DEVELOPER_FRAMEWORKS_DIR)",
				);
				GCC_PRECOMPILE_PREFIX_HEADER = YES;
				GCC_PREFIX_HEADER = "EasyFacebookPhotoPicker/EasyFacebookPhotoPicker-Prefix.pch";
				INFOPLIST_FILE = "EasyFacebookPhotoPickerTests/EasyFacebookPhotoPickerTests-Info.plist";
				PRODUCT_NAME = "$(TARGET_NAME)";
				WRAPPER_EXTENSION = xctest;
			};
			name = Release;
		};
/* End XCBuildConfiguration section */

/* Begin XCConfigurationList section */
		4ACE2B481820D40E008FC2F8 /* Build configuration list for PBXProject "EasyFacebookPhotoPicker" */ = {
			isa = XCConfigurationList;
			buildConfigurations = (
				4ACE2B6E1820D40E008FC2F8 /* Debug */,
				4ACE2B6F1820D40E008FC2F8 /* Release */,
			);
			defaultConfigurationIsVisible = 0;
			defaultConfigurationName = Release;
		};
		4ACE2B701820D40E008FC2F8 /* Build configuration list for PBXNativeTarget "EasyFacebookPhotoPicker" */ = {
			isa = XCConfigurationList;
			buildConfigurations = (
				4ACE2B711820D40E008FC2F8 /* Debug */,
				4ACE2B721820D40E008FC2F8 /* Release */,
			);
			defaultConfigurationIsVisible = 0;
		};
		4ACE2B731820D40E008FC2F8 /* Build configuration list for PBXNativeTarget "EasyFacebookPhotoPickerTests" */ = {
			isa = XCConfigurationList;
			buildConfigurations = (
				4ACE2B741820D40E008FC2F8 /* Debug */,
				4ACE2B751820D40E008FC2F8 /* Release */,
			);
			defaultConfigurationIsVisible = 0;
		};
/* End XCConfigurationList section */
	};
	rootObject = 4ACE2B451820D40E008FC2F8 /* Project object */;
}
