// !$*UTF8*$!
{
	archiveVersion = 1;
	classes = {
	};
	objectVersion = 46;
	objects = {

/* Begin PBXBuildFile section */
		4A00A6631815697C00A8C562 /* Foundation.framework in Frameworks */ = {isa = PBXBuildFile; fileRef = 4A00A6621815697C00A8C562 /* Foundation.framework */; };
		4A00A6651815697C00A8C562 /* CoreGraphics.framework in Frameworks */ = {isa = PBXBuildFile; fileRef = 4A00A6641815697C00A8C562 /* CoreGraphics.framework */; };
		4A00A6671815697C00A8C562 /* UIKit.framework in Frameworks */ = {isa = PBXBuildFile; fileRef = 4A00A6661815697C00A8C562 /* UIKit.framework */; };
		4A00A66D1815697C00A8C562 /* InfoPlist.strings in Resources */ = {isa = PBXBuildFile; fileRef = 4A00A66B1815697C00A8C562 /* InfoPlist.strings */; };
		4A00A66F1815697C00A8C562 /* main.m in Sources */ = {isa = PBXBuildFile; fileRef = 4A00A66E1815697C00A8C562 /* main.m */; };
		4A00A6731815697C00A8C562 /* AppDelegate.m in Sources */ = {isa = PBXBuildFile; fileRef = 4A00A6721815697C00A8C562 /* AppDelegate.m */; };
		4A00A6761815697C00A8C562 /* Main.storyboard in Resources */ = {isa = PBXBuildFile; fileRef = 4A00A6741815697C00A8C562 /* Main.storyboard */; };
		4A00A6791815697C00A8C562 /* ViewController.m in Sources */ = {isa = PBXBuildFile; fileRef = 4A00A6781815697C00A8C562 /* ViewController.m */; };
		4A00A67B1815697C00A8C562 /* Images.xcassets in Resources */ = {isa = PBXBuildFile; fileRef = 4A00A67A1815697C00A8C562 /* Images.xcassets */; };
		4A00A6821815697C00A8C562 /* XCTest.framework in Frameworks */ = {isa = PBXBuildFile; fileRef = 4A00A6811815697C00A8C562 /* XCTest.framework */; };
		4A00A6831815697C00A8C562 /* Foundation.framework in Frameworks */ = {isa = PBXBuildFile; fileRef = 4A00A6621815697C00A8C562 /* Foundation.framework */; };
		4A00A6841815697C00A8C562 /* UIKit.framework in Frameworks */ = {isa = PBXBuildFile; fileRef = 4A00A6661815697C00A8C562 /* UIKit.framework */; };
		4A00A68C1815697C00A8C562 /* InfoPlist.strings in Resources */ = {isa = PBXBuildFile; fileRef = 4A00A68A1815697C00A8C562 /* InfoPlist.strings */; };
		4A00A68E1815697C00A8C562 /* EasyFacebookPhotoPickerTests.m in Sources */ = {isa = PBXBuildFile; fileRef = 4A00A68D1815697C00A8C562 /* EasyFacebookPhotoPickerTests.m */; };
		4AFF5D4518156BCA00A50EFF /* FacebookSDK.framework in Frameworks */ = {isa = PBXBuildFile; fileRef = 4AFF5D4418156BCA00A50EFF /* FacebookSDK.framework */; };
		4AFF5D4918156F0D00A50EFF /* EasyFacebookPhotoPicker.m in Sources */ = {isa = PBXBuildFile; fileRef = 4AFF5D4718156F0D00A50EFF /* EasyFacebookPhotoPicker.m */; };
		4AFF5D4D1816B78400A50EFF /* EasyFacebookAlbumTableViewController.m in Sources */ = {isa = PBXBuildFile; fileRef = 4AFF5D4C1816B78400A50EFF /* EasyFacebookAlbumTableViewController.m */; };
		4AFF5D501816B85E00A50EFF /* EasyFacebookAlbumTableViewCell.m in Sources */ = {isa = PBXBuildFile; fileRef = 4AFF5D4F1816B85E00A50EFF /* EasyFacebookAlbumTableViewCell.m */; };
		4AFF5D521816B88600A50EFF /* EasyFacebookAlbumTableViewCell.xib in Resources */ = {isa = PBXBuildFile; fileRef = 4AFF5D511816B88600A50EFF /* EasyFacebookAlbumTableViewCell.xib */; };
		4AFF5D551816C45300A50EFF /* EasyFacebookAlbumViewController.m in Sources */ = {isa = PBXBuildFile; fileRef = 4AFF5D541816C45300A50EFF /* EasyFacebookAlbumViewController.m */; };
/* End PBXBuildFile section */

/* Begin PBXContainerItemProxy section */
		4A00A6851815697C00A8C562 /* PBXContainerItemProxy */ = {
			isa = PBXContainerItemProxy;
			containerPortal = 4A00A6571815697C00A8C562 /* Project object */;
			proxyType = 1;
			remoteGlobalIDString = 4A00A65E1815697C00A8C562;
			remoteInfo = EasyFacebookPhotoPicker;
		};
/* End PBXContainerItemProxy section */

/* Begin PBXFileReference section */
		4A00A65F1815697C00A8C562 /* EasyFacebookPhotoPicker.app */ = {isa = PBXFileReference; explicitFileType = wrapper.application; includeInIndex = 0; path = EasyFacebookPhotoPicker.app; sourceTree = BUILT_PRODUCTS_DIR; };
		4A00A6621815697C00A8C562 /* Foundation.framework */ = {isa = PBXFileReference; lastKnownFileType = wrapper.framework; name = Foundation.framework; path = System/Library/Frameworks/Foundation.framework; sourceTree = SDKROOT; };
		4A00A6641815697C00A8C562 /* CoreGraphics.framework */ = {isa = PBXFileReference; lastKnownFileType = wrapper.framework; name = CoreGraphics.framework; path = System/Library/Frameworks/CoreGraphics.framework; sourceTree = SDKROOT; };
		4A00A6661815697C00A8C562 /* UIKit.framework */ = {isa = PBXFileReference; lastKnownFileType = wrapper.framework; name = UIKit.framework; path = System/Library/Frameworks/UIKit.framework; sourceTree = SDKROOT; };
		4A00A66A1815697C00A8C562 /* EasyFacebookPhotoPicker-Info.plist */ = {isa = PBXFileReference; lastKnownFileType = text.plist.xml; path = "EasyFacebookPhotoPicker-Info.plist"; sourceTree = "<group>"; };
		4A00A66C1815697C00A8C562 /* en */ = {isa = PBXFileReference; lastKnownFileType = text.plist.strings; name = en; path = en.lproj/InfoPlist.strings; sourceTree = "<group>"; };
		4A00A66E1815697C00A8C562 /* main.m */ = {isa = PBXFileReference; lastKnownFileType = sourcecode.c.objc; path = main.m; sourceTree = "<group>"; };
		4A00A6701815697C00A8C562 /* EasyFacebookPhotoPicker-Prefix.pch */ = {isa = PBXFileReference; lastKnownFileType = sourcecode.c.h; path = "EasyFacebookPhotoPicker-Prefix.pch"; sourceTree = "<group>"; };
		4A00A6711815697C00A8C562 /* AppDelegate.h */ = {isa = PBXFileReference; lastKnownFileType = sourcecode.c.h; path = AppDelegate.h; sourceTree = "<group>"; };
		4A00A6721815697C00A8C562 /* AppDelegate.m */ = {isa = PBXFileReference; lastKnownFileType = sourcecode.c.objc; path = AppDelegate.m; sourceTree = "<group>"; };
		4A00A6751815697C00A8C562 /* Base */ = {isa = PBXFileReference; lastKnownFileType = file.storyboard; name = Base; path = Base.lproj/Main.storyboard; sourceTree = "<group>"; };
		4A00A6771815697C00A8C562 /* ViewController.h */ = {isa = PBXFileReference; lastKnownFileType = sourcecode.c.h; path = ViewController.h; sourceTree = "<group>"; };
		4A00A6781815697C00A8C562 /* ViewController.m */ = {isa = PBXFileReference; lastKnownFileType = sourcecode.c.objc; path = ViewController.m; sourceTree = "<group>"; };
		4A00A67A1815697C00A8C562 /* Images.xcassets */ = {isa = PBXFileReference; lastKnownFileType = folder.assetcatalog; path = Images.xcassets; sourceTree = "<group>"; };
		4A00A6801815697C00A8C562 /* EasyFacebookPhotoPickerTests.xctest */ = {isa = PBXFileReference; explicitFileType = wrapper.cfbundle; includeInIndex = 0; path = EasyFacebookPhotoPickerTests.xctest; sourceTree = BUILT_PRODUCTS_DIR; };
		4A00A6811815697C00A8C562 /* XCTest.framework */ = {isa = PBXFileReference; lastKnownFileType = wrapper.framework; name = XCTest.framework; path = Library/Frameworks/XCTest.framework; sourceTree = DEVELOPER_DIR; };
		4A00A6891815697C00A8C562 /* EasyFacebookPhotoPickerTests-Info.plist */ = {isa = PBXFileReference; lastKnownFileType = text.plist.xml; path = "EasyFacebookPhotoPickerTests-Info.plist"; sourceTree = "<group>"; };
		4A00A68B1815697C00A8C562 /* en */ = {isa = PBXFileReference; lastKnownFileType = text.plist.strings; name = en; path = en.lproj/InfoPlist.strings; sourceTree = "<group>"; };
		4A00A68D1815697C00A8C562 /* EasyFacebookPhotoPickerTests.m */ = {isa = PBXFileReference; lastKnownFileType = sourcecode.c.objc; path = EasyFacebookPhotoPickerTests.m; sourceTree = "<group>"; };
		4AFF5D4418156BCA00A50EFF /* FacebookSDK.framework */ = {isa = PBXFileReference; lastKnownFileType = wrapper.framework; name = FacebookSDK.framework; path = "../../../../git/facebook-ios-sdk/build/FacebookSDK.framework"; sourceTree = "<group>"; };
		4AFF5D4618156F0D00A50EFF /* EasyFacebookPhotoPicker.h */ = {isa = PBXFileReference; fileEncoding = 4; lastKnownFileType = sourcecode.c.h; path = EasyFacebookPhotoPicker.h; sourceTree = "<group>"; };
		4AFF5D4718156F0D00A50EFF /* EasyFacebookPhotoPicker.m */ = {isa = PBXFileReference; fileEncoding = 4; lastKnownFileType = sourcecode.c.objc; path = EasyFacebookPhotoPicker.m; sourceTree = "<group>"; };
		4AFF5D4B1816B78400A50EFF /* EasyFacebookAlbumTableViewController.h */ = {isa = PBXFileReference; fileEncoding = 4; lastKnownFileType = sourcecode.c.h; path = EasyFacebookAlbumTableViewController.h; sourceTree = "<group>"; };
		4AFF5D4C1816B78400A50EFF /* EasyFacebookAlbumTableViewController.m */ = {isa = PBXFileReference; fileEncoding = 4; lastKnownFileType = sourcecode.c.objc; path = EasyFacebookAlbumTableViewController.m; sourceTree = "<group>"; };
		4AFF5D4E1816B85E00A50EFF /* EasyFacebookAlbumTableViewCell.h */ = {isa = PBXFileReference; fileEncoding = 4; lastKnownFileType = sourcecode.c.h; path = EasyFacebookAlbumTableViewCell.h; sourceTree = "<group>"; };
		4AFF5D4F1816B85E00A50EFF /* EasyFacebookAlbumTableViewCell.m */ = {isa = PBXFileReference; fileEncoding = 4; lastKnownFileType = sourcecode.c.objc; path = EasyFacebookAlbumTableViewCell.m; sourceTree = "<group>"; };
		4AFF5D511816B88600A50EFF /* EasyFacebookAlbumTableViewCell.xib */ = {isa = PBXFileReference; fileEncoding = 4; lastKnownFileType = file.xib; path = EasyFacebookAlbumTableViewCell.xib; sourceTree = "<group>"; };
		4AFF5D531816C45300A50EFF /* EasyFacebookAlbumViewController.h */ = {isa = PBXFileReference; fileEncoding = 4; lastKnownFileType = sourcecode.c.h; path = EasyFacebookAlbumViewController.h; sourceTree = "<group>"; };
		4AFF5D541816C45300A50EFF /* EasyFacebookAlbumViewController.m */ = {isa = PBXFileReference; fileEncoding = 4; lastKnownFileType = sourcecode.c.objc; path = EasyFacebookAlbumViewController.m; sourceTree = "<group>"; };
/* End PBXFileReference section */

/* Begin PBXFrameworksBuildPhase section */
		4A00A65C1815697C00A8C562 /* Frameworks */ = {
			isa = PBXFrameworksBuildPhase;
			buildActionMask = 2147483647;
			files = (
				4A00A6651815697C00A8C562 /* CoreGraphics.framework in Frameworks */,
				4AFF5D4518156BCA00A50EFF /* FacebookSDK.framework in Frameworks */,
				4A00A6671815697C00A8C562 /* UIKit.framework in Frameworks */,
				4A00A6631815697C00A8C562 /* Foundation.framework in Frameworks */,
			);
			runOnlyForDeploymentPostprocessing = 0;
		};
		4A00A67D1815697C00A8C562 /* Frameworks */ = {
			isa = PBXFrameworksBuildPhase;
			buildActionMask = 2147483647;
			files = (
				4A00A6821815697C00A8C562 /* XCTest.framework in Frameworks */,
				4A00A6841815697C00A8C562 /* UIKit.framework in Frameworks */,
				4A00A6831815697C00A8C562 /* Foundation.framework in Frameworks */,
			);
			runOnlyForDeploymentPostprocessing = 0;
		};
/* End PBXFrameworksBuildPhase section */

/* Begin PBXGroup section */
		4A00A6561815697C00A8C562 = {
			isa = PBXGroup;
			children = (
				4A00A697181569A200A8C562 /* Vendor */,
				4A00A6681815697C00A8C562 /* EasyFacebookPhotoPicker */,
				4A00A6871815697C00A8C562 /* EasyFacebookPhotoPickerTests */,
				4A00A6611815697C00A8C562 /* Frameworks */,
				4A00A6601815697C00A8C562 /* Products */,
			);
			sourceTree = "<group>";
		};
		4A00A6601815697C00A8C562 /* Products */ = {
			isa = PBXGroup;
			children = (
				4A00A65F1815697C00A8C562 /* EasyFacebookPhotoPicker.app */,
				4A00A6801815697C00A8C562 /* EasyFacebookPhotoPickerTests.xctest */,
			);
			name = Products;
			sourceTree = "<group>";
		};
		4A00A6611815697C00A8C562 /* Frameworks */ = {
			isa = PBXGroup;
			children = (
				4A00A6621815697C00A8C562 /* Foundation.framework */,
				4A00A6641815697C00A8C562 /* CoreGraphics.framework */,
				4A00A6661815697C00A8C562 /* UIKit.framework */,
				4A00A6811815697C00A8C562 /* XCTest.framework */,
			);
			name = Frameworks;
			sourceTree = "<group>";
		};
		4A00A6681815697C00A8C562 /* EasyFacebookPhotoPicker */ = {
			isa = PBXGroup;
			children = (
				4A00A6711815697C00A8C562 /* AppDelegate.h */,
				4A00A6721815697C00A8C562 /* AppDelegate.m */,
				4AFF5D4618156F0D00A50EFF /* EasyFacebookPhotoPicker.h */,
				4AFF5D4718156F0D00A50EFF /* EasyFacebookPhotoPicker.m */,
				4AFF5D4B1816B78400A50EFF /* EasyFacebookAlbumTableViewController.h */,
				4AFF5D4C1816B78400A50EFF /* EasyFacebookAlbumTableViewController.m */,
				4AFF5D4E1816B85E00A50EFF /* EasyFacebookAlbumTableViewCell.h */,
				4AFF5D4F1816B85E00A50EFF /* EasyFacebookAlbumTableViewCell.m */,
				4AFF5D511816B88600A50EFF /* EasyFacebookAlbumTableViewCell.xib */,
				4AFF5D531816C45300A50EFF /* EasyFacebookAlbumViewController.h */,
				4AFF5D541816C45300A50EFF /* EasyFacebookAlbumViewController.m */,
				4A00A6741815697C00A8C562 /* Main.storyboard */,
				4A00A6771815697C00A8C562 /* ViewController.h */,
				4A00A6781815697C00A8C562 /* ViewController.m */,
				4A00A67A1815697C00A8C562 /* Images.xcassets */,
				4A00A6691815697C00A8C562 /* Supporting Files */,
			);
			path = EasyFacebookPhotoPicker;
			sourceTree = "<group>";
		};
		4A00A6691815697C00A8C562 /* Supporting Files */ = {
			isa = PBXGroup;
			children = (
				4A00A66A1815697C00A8C562 /* EasyFacebookPhotoPicker-Info.plist */,
				4A00A66B1815697C00A8C562 /* InfoPlist.strings */,
				4A00A66E1815697C00A8C562 /* main.m */,
				4A00A6701815697C00A8C562 /* EasyFacebookPhotoPicker-Prefix.pch */,
			);
			name = "Supporting Files";
			sourceTree = "<group>";
		};
		4A00A6871815697C00A8C562 /* EasyFacebookPhotoPickerTests */ = {
			isa = PBXGroup;
			children = (
				4A00A68D1815697C00A8C562 /* EasyFacebookPhotoPickerTests.m */,
				4A00A6881815697C00A8C562 /* Supporting Files */,
			);
			path = EasyFacebookPhotoPickerTests;
			sourceTree = "<group>";
		};
		4A00A6881815697C00A8C562 /* Supporting Files */ = {
			isa = PBXGroup;
			children = (
				4A00A6891815697C00A8C562 /* EasyFacebookPhotoPickerTests-Info.plist */,
				4A00A68A1815697C00A8C562 /* InfoPlist.strings */,
			);
			name = "Supporting Files";
			sourceTree = "<group>";
		};
		4A00A697181569A200A8C562 /* Vendor */ = {
			isa = PBXGroup;
			children = (
				4AFF5D4418156BCA00A50EFF /* FacebookSDK.framework */,
			);
			path = Vendor;
			sourceTree = "<group>";
		};
/* End PBXGroup section */

/* Begin PBXNativeTarget section */
		4A00A65E1815697C00A8C562 /* EasyFacebookPhotoPicker */ = {
			isa = PBXNativeTarget;
			buildConfigurationList = 4A00A6911815697C00A8C562 /* Build configuration list for PBXNativeTarget "EasyFacebookPhotoPicker" */;
			buildPhases = (
				4A00A65B1815697C00A8C562 /* Sources */,
				4A00A65C1815697C00A8C562 /* Frameworks */,
				4A00A65D1815697C00A8C562 /* Resources */,
			);
			buildRules = (
			);
			dependencies = (
			);
			name = EasyFacebookPhotoPicker;
			productName = EasyFacebookPhotoPicker;
			productReference = 4A00A65F1815697C00A8C562 /* EasyFacebookPhotoPicker.app */;
			productType = "com.apple.product-type.application";
		};
		4A00A67F1815697C00A8C562 /* EasyFacebookPhotoPickerTests */ = {
			isa = PBXNativeTarget;
			buildConfigurationList = 4A00A6941815697C00A8C562 /* Build configuration list for PBXNativeTarget "EasyFacebookPhotoPickerTests" */;
			buildPhases = (
				4A00A67C1815697C00A8C562 /* Sources */,
				4A00A67D1815697C00A8C562 /* Frameworks */,
				4A00A67E1815697C00A8C562 /* Resources */,
			);
			buildRules = (
			);
			dependencies = (
				4A00A6861815697C00A8C562 /* PBXTargetDependency */,
			);
			name = EasyFacebookPhotoPickerTests;
			productName = EasyFacebookPhotoPickerTests;
			productReference = 4A00A6801815697C00A8C562 /* EasyFacebookPhotoPickerTests.xctest */;
			productType = "com.apple.product-type.bundle.unit-test";
		};
/* End PBXNativeTarget section */

/* Begin PBXProject section */
		4A00A6571815697C00A8C562 /* Project object */ = {
			isa = PBXProject;
			attributes = {
				LastUpgradeCheck = 0500;
				ORGANIZATIONNAME = "Chris Greenwood";
				TargetAttributes = {
					4A00A67F1815697C00A8C562 = {
						TestTargetID = 4A00A65E1815697C00A8C562;
					};
				};
			};
			buildConfigurationList = 4A00A65A1815697C00A8C562 /* Build configuration list for PBXProject "EasyFacebookPhotoPicker" */;
			compatibilityVersion = "Xcode 3.2";
			developmentRegion = English;
			hasScannedForEncodings = 0;
			knownRegions = (
				en,
				Base,
			);
			mainGroup = 4A00A6561815697C00A8C562;
			productRefGroup = 4A00A6601815697C00A8C562 /* Products */;
			projectDirPath = "";
			projectRoot = "";
			targets = (
				4A00A65E1815697C00A8C562 /* EasyFacebookPhotoPicker */,
				4A00A67F1815697C00A8C562 /* EasyFacebookPhotoPickerTests */,
			);
		};
/* End PBXProject section */

/* Begin PBXResourcesBuildPhase section */
		4A00A65D1815697C00A8C562 /* Resources */ = {
			isa = PBXResourcesBuildPhase;
			buildActionMask = 2147483647;
			files = (
				4A00A67B1815697C00A8C562 /* Images.xcassets in Resources */,
				4A00A66D1815697C00A8C562 /* InfoPlist.strings in Resources */,
				4A00A6761815697C00A8C562 /* Main.storyboard in Resources */,
				4AFF5D521816B88600A50EFF /* EasyFacebookAlbumTableViewCell.xib in Resources */,
			);
			runOnlyForDeploymentPostprocessing = 0;
		};
		4A00A67E1815697C00A8C562 /* Resources */ = {
			isa = PBXResourcesBuildPhase;
			buildActionMask = 2147483647;
			files = (
				4A00A68C1815697C00A8C562 /* InfoPlist.strings in Resources */,
			);
			runOnlyForDeploymentPostprocessing = 0;
		};
/* End PBXResourcesBuildPhase section */

/* Begin PBXSourcesBuildPhase section */
		4A00A65B1815697C00A8C562 /* Sources */ = {
			isa = PBXSourcesBuildPhase;
			buildActionMask = 2147483647;
			files = (
				4AFF5D551816C45300A50EFF /* EasyFacebookAlbumViewController.m in Sources */,
				4AFF5D501816B85E00A50EFF /* EasyFacebookAlbumTableViewCell.m in Sources */,
				4AFF5D4D1816B78400A50EFF /* EasyFacebookAlbumTableViewController.m in Sources */,
				4AFF5D4918156F0D00A50EFF /* EasyFacebookPhotoPicker.m in Sources */,
				4A00A6791815697C00A8C562 /* ViewController.m in Sources */,
				4A00A6731815697C00A8C562 /* AppDelegate.m in Sources */,
				4A00A66F1815697C00A8C562 /* main.m in Sources */,
			);
			runOnlyForDeploymentPostprocessing = 0;
		};
		4A00A67C1815697C00A8C562 /* Sources */ = {
			isa = PBXSourcesBuildPhase;
			buildActionMask = 2147483647;
			files = (
				4A00A68E1815697C00A8C562 /* EasyFacebookPhotoPickerTests.m in Sources */,
			);
			runOnlyForDeploymentPostprocessing = 0;
		};
/* End PBXSourcesBuildPhase section */

/* Begin PBXTargetDependency section */
		4A00A6861815697C00A8C562 /* PBXTargetDependency */ = {
			isa = PBXTargetDependency;
			target = 4A00A65E1815697C00A8C562 /* EasyFacebookPhotoPicker */;
			targetProxy = 4A00A6851815697C00A8C562 /* PBXContainerItemProxy */;
		};
/* End PBXTargetDependency section */

/* Begin PBXVariantGroup section */
		4A00A66B1815697C00A8C562 /* InfoPlist.strings */ = {
			isa = PBXVariantGroup;
			children = (
				4A00A66C1815697C00A8C562 /* en */,
			);
			name = InfoPlist.strings;
			sourceTree = "<group>";
		};
		4A00A6741815697C00A8C562 /* Main.storyboard */ = {
			isa = PBXVariantGroup;
			children = (
				4A00A6751815697C00A8C562 /* Base */,
			);
			name = Main.storyboard;
			sourceTree = "<group>";
		};
		4A00A68A1815697C00A8C562 /* InfoPlist.strings */ = {
			isa = PBXVariantGroup;
			children = (
				4A00A68B1815697C00A8C562 /* en */,
			);
			name = InfoPlist.strings;
			sourceTree = "<group>";
		};
/* End PBXVariantGroup section */

/* Begin XCBuildConfiguration section */
		4A00A68F1815697C00A8C562 /* Debug */ = {
			isa = XCBuildConfiguration;
			buildSettings = {
				ALWAYS_SEARCH_USER_PATHS = NO;
				ARCHS = "$(ARCHS_STANDARD_INCLUDING_64_BIT)";
				CLANG_CXX_LANGUAGE_STANDARD = "gnu++0x";
				CLANG_CXX_LIBRARY = "libc++";
				CLANG_ENABLE_MODULES = YES;
				CLANG_ENABLE_OBJC_ARC = YES;
				CLANG_WARN_BOOL_CONVERSION = YES;
				CLANG_WARN_CONSTANT_CONVERSION = YES;
				CLANG_WARN_DIRECT_OBJC_ISA_USAGE = YES_ERROR;
				CLANG_WARN_EMPTY_BODY = YES;
				CLANG_WARN_ENUM_CONVERSION = YES;
				CLANG_WARN_INT_CONVERSION = YES;
				CLANG_WARN_OBJC_ROOT_CLASS = YES_ERROR;
				CLANG_WARN__DUPLICATE_METHOD_MATCH = YES;
				"CODE_SIGN_IDENTITY[sdk=iphoneos*]" = "iPhone Developer";
				COPY_PHASE_STRIP = NO;
				GCC_C_LANGUAGE_STANDARD = gnu99;
				GCC_DYNAMIC_NO_PIC = NO;
				GCC_OPTIMIZATION_LEVEL = 0;
				GCC_PREPROCESSOR_DEFINITIONS = (
					"DEBUG=1",
					"$(inherited)",
				);
				GCC_SYMBOLS_PRIVATE_EXTERN = NO;
				GCC_WARN_64_TO_32_BIT_CONVERSION = YES;
				GCC_WARN_ABOUT_RETURN_TYPE = YES_ERROR;
				GCC_WARN_UNDECLARED_SELECTOR = YES;
				GCC_WARN_UNINITIALIZED_AUTOS = YES;
				GCC_WARN_UNUSED_FUNCTION = YES;
				GCC_WARN_UNUSED_VARIABLE = YES;
				IPHONEOS_DEPLOYMENT_TARGET = 7.0;
				ONLY_ACTIVE_ARCH = YES;
				SDKROOT = iphoneos;
			};
			name = Debug;
		};
		4A00A6901815697C00A8C562 /* Release */ = {
			isa = XCBuildConfiguration;
			buildSettings = {
				ALWAYS_SEARCH_USER_PATHS = NO;
				ARCHS = "$(ARCHS_STANDARD_INCLUDING_64_BIT)";
				CLANG_CXX_LANGUAGE_STANDARD = "gnu++0x";
				CLANG_CXX_LIBRARY = "libc++";
				CLANG_ENABLE_MODULES = YES;
				CLANG_ENABLE_OBJC_ARC = YES;
				CLANG_WARN_BOOL_CONVERSION = YES;
				CLANG_WARN_CONSTANT_CONVERSION = YES;
				CLANG_WARN_DIRECT_OBJC_ISA_USAGE = YES_ERROR;
				CLANG_WARN_EMPTY_BODY = YES;
				CLANG_WARN_ENUM_CONVERSION = YES;
				CLANG_WARN_INT_CONVERSION = YES;
				CLANG_WARN_OBJC_ROOT_CLASS = YES_ERROR;
				CLANG_WARN__DUPLICATE_METHOD_MATCH = YES;
				"CODE_SIGN_IDENTITY[sdk=iphoneos*]" = "iPhone Developer";
				COPY_PHASE_STRIP = YES;
				ENABLE_NS_ASSERTIONS = NO;
				GCC_C_LANGUAGE_STANDARD = gnu99;
				GCC_WARN_64_TO_32_BIT_CONVERSION = YES;
				GCC_WARN_ABOUT_RETURN_TYPE = YES_ERROR;
				GCC_WARN_UNDECLARED_SELECTOR = YES;
				GCC_WARN_UNINITIALIZED_AUTOS = YES;
				GCC_WARN_UNUSED_FUNCTION = YES;
				GCC_WARN_UNUSED_VARIABLE = YES;
				IPHONEOS_DEPLOYMENT_TARGET = 7.0;
				SDKROOT = iphoneos;
				VALIDATE_PRODUCT = YES;
			};
			name = Release;
		};
		4A00A6921815697C00A8C562 /* Debug */ = {
			isa = XCBuildConfiguration;
			buildSettings = {
				ASSETCATALOG_COMPILER_APPICON_NAME = AppIcon;
				ASSETCATALOG_COMPILER_LAUNCHIMAGE_NAME = LaunchImage;
				FRAMEWORK_SEARCH_PATHS = (
					"$(inherited)",
					"/Users/greenwoodcm/Documents/XCode\\ Projects/EasyFacebookPhotoPicker/Vendor",
					"/Users/greenwoodcm/git/facebook-ios-sdk/build",
				);
				GCC_PRECOMPILE_PREFIX_HEADER = YES;
				GCC_PREFIX_HEADER = "EasyFacebookPhotoPicker/EasyFacebookPhotoPicker-Prefix.pch";
				INFOPLIST_FILE = "EasyFacebookPhotoPicker/EasyFacebookPhotoPicker-Info.plist";
				PRODUCT_NAME = "$(TARGET_NAME)";
				WRAPPER_EXTENSION = app;
			};
			name = Debug;
		};
		4A00A6931815697C00A8C562 /* Release */ = {
			isa = XCBuildConfiguration;
			buildSettings = {
				ASSETCATALOG_COMPILER_APPICON_NAME = AppIcon;
				ASSETCATALOG_COMPILER_LAUNCHIMAGE_NAME = LaunchImage;
				FRAMEWORK_SEARCH_PATHS = (
					"$(inherited)",
					"/Users/greenwoodcm/Documents/XCode\\ Projects/EasyFacebookPhotoPicker/Vendor",
					"/Users/greenwoodcm/git/facebook-ios-sdk/build",
				);
				GCC_PRECOMPILE_PREFIX_HEADER = YES;
				GCC_PREFIX_HEADER = "EasyFacebookPhotoPicker/EasyFacebookPhotoPicker-Prefix.pch";
				INFOPLIST_FILE = "EasyFacebookPhotoPicker/EasyFacebookPhotoPicker-Info.plist";
				PRODUCT_NAME = "$(TARGET_NAME)";
				WRAPPER_EXTENSION = app;
			};
			name = Release;
		};
		4A00A6951815697C00A8C562 /* Debug */ = {
			isa = XCBuildConfiguration;
			buildSettings = {
				ARCHS = "$(ARCHS_STANDARD_INCLUDING_64_BIT)";
				BUNDLE_LOADER = "$(BUILT_PRODUCTS_DIR)/EasyFacebookPhotoPicker.app/EasyFacebookPhotoPicker";
				FRAMEWORK_SEARCH_PATHS = (
					"$(SDKROOT)/Developer/Library/Frameworks",
					"$(inherited)",
					"$(DEVELOPER_FRAMEWORKS_DIR)",
				);
				GCC_PRECOMPILE_PREFIX_HEADER = YES;
				GCC_PREFIX_HEADER = "EasyFacebookPhotoPicker/EasyFacebookPhotoPicker-Prefix.pch";
				GCC_PREPROCESSOR_DEFINITIONS = (
					"DEBUG=1",
					"$(inherited)",
				);
				INFOPLIST_FILE = "EasyFacebookPhotoPickerTests/EasyFacebookPhotoPickerTests-Info.plist";
				PRODUCT_NAME = "$(TARGET_NAME)";
				TEST_HOST = "$(BUNDLE_LOADER)";
				WRAPPER_EXTENSION = xctest;
			};
			name = Debug;
		};
		4A00A6961815697C00A8C562 /* Release */ = {
			isa = XCBuildConfiguration;
			buildSettings = {
				ARCHS = "$(ARCHS_STANDARD_INCLUDING_64_BIT)";
				BUNDLE_LOADER = "$(BUILT_PRODUCTS_DIR)/EasyFacebookPhotoPicker.app/EasyFacebookPhotoPicker";
				FRAMEWORK_SEARCH_PATHS = (
					"$(SDKROOT)/Developer/Library/Frameworks",
					"$(inherited)",
					"$(DEVELOPER_FRAMEWORKS_DIR)",
				);
				GCC_PRECOMPILE_PREFIX_HEADER = YES;
				GCC_PREFIX_HEADER = "EasyFacebookPhotoPicker/EasyFacebookPhotoPicker-Prefix.pch";
				INFOPLIST_FILE = "EasyFacebookPhotoPickerTests/EasyFacebookPhotoPickerTests-Info.plist";
				PRODUCT_NAME = "$(TARGET_NAME)";
				TEST_HOST = "$(BUNDLE_LOADER)";
				WRAPPER_EXTENSION = xctest;
			};
			name = Release;
		};
/* End XCBuildConfiguration section */

/* Begin XCConfigurationList section */
		4A00A65A1815697C00A8C562 /* Build configuration list for PBXProject "EasyFacebookPhotoPicker" */ = {
			isa = XCConfigurationList;
			buildConfigurations = (
				4A00A68F1815697C00A8C562 /* Debug */,
				4A00A6901815697C00A8C562 /* Release */,
			);
			defaultConfigurationIsVisible = 0;
			defaultConfigurationName = Release;
		};
		4A00A6911815697C00A8C562 /* Build configuration list for PBXNativeTarget "EasyFacebookPhotoPicker" */ = {
			isa = XCConfigurationList;
			buildConfigurations = (
				4A00A6921815697C00A8C562 /* Debug */,
				4A00A6931815697C00A8C562 /* Release */,
			);
			defaultConfigurationIsVisible = 0;
			defaultConfigurationName = Release;
		};
		4A00A6941815697C00A8C562 /* Build configuration list for PBXNativeTarget "EasyFacebookPhotoPickerTests" */ = {
			isa = XCConfigurationList;
			buildConfigurations = (
				4A00A6951815697C00A8C562 /* Debug */,
				4A00A6961815697C00A8C562 /* Release */,
			);
			defaultConfigurationIsVisible = 0;
			defaultConfigurationName = Release;
		};
/* End XCConfigurationList section */
	};
	rootObject = 4A00A6571815697C00A8C562 /* Project object */;
}
